---
ID: "50c18e64-705c-44d7-9a24-69ac4dd4d9ca"
Parent: "f07ed1db-a349-48e2-8c2a-3e90234a483f"
Template: "04646a89-996f-4ee7-878a-ffdbf1f0ef0d"
Path: /sitecore/layout/Renderings/Feature/Tailwind Starter/Search/HTMLBlock
SharedFields:
- ID: "037fe404-dd19-4bf7-8e30-4dadf68b27b0"
  Hint: componentName
  Value: HTMLBlock
- ID: "06d5295c-ed2f-4a54-9bf2-26228d113318"
  Hint: __Icon
  Value: "sxa/16x16/plain-html.png"
- ID: "a77e8568-1ab3-44f1-a664-b7c37ec7810d"
  Hint: Parameters Template
  Value: "{DCE4DA8C-F3E7-408B-BAAB-4F3C02047D73}"
Languages:
- Language: en
  Versions:
  - Version: 1
    Fields:
    - ID: "25bed78c-4957-4165-998a-ca1b52f67497"
      Hint: __Created
      Value: 20250206T042108Z
    - ID: "52807595-0f8f-4b20-8d2a-cb71d28c6103"
      Hint: __Owner
      Value: |
        sitecore\shinichi.haramizu@sitecore.com
    - ID: "5dd74568-4d4b-44c1-b513-0af5f4cda34f"
      Hint: __Created by
      Value: |
        sitecore\shinichi.haramizu@sitecore.com
    - ID: "8cdc337e-a112-42fb-bbb4-4143751e123f"
      Hint: __Revision
      Value: "b4e1a0b9-c28c-4a28-a273-d82c70d8562a"
    - ID: "badd9cf9-53e0-4d0c-bcc0-2d784c282f6a"
      Hint: __Updated by
      Value: |
        sitecore\shinichi.haramizu@sitecore.com
    - ID: "d9cf14b1-fa16-4ba6-9288-e8a174d4d522"
      Hint: __Updated
      Value: 20250206T042126Z
- Language: "ja-JP"
  Fields:
  - ID: "b5e02ad9-d56f-4c41-a065-a133db87bdeb"
    Hint: __Display name
    Value: HTMLブロック
  Versions:
  - Version: 1
    Fields:
    - ID: "25bed78c-4957-4165-998a-ca1b52f67497"
      Hint: __Created
      Value: 20250206T063219Z
    - ID: "52807595-0f8f-4b20-8d2a-cb71d28c6103"
      Hint: __Owner
      Value: |
        sitecore\shinichi.haramizu@sitecore.com
    - ID: "5dd74568-4d4b-44c1-b513-0af5f4cda34f"
      Hint: __Created by
      Value: |
        sitecore\shinichi.haramizu@sitecore.com
    - ID: "8cdc337e-a112-42fb-bbb4-4143751e123f"
      Hint: __Revision
      Value: "50be0ed8-4f97-4589-8adc-33a6d20a4779"
    - ID: "badd9cf9-53e0-4d0c-bcc0-2d784c282f6a"
      Hint: __Updated by
      Value: |
        sitecore\shinichi.haramizu@sitecore.com
    - ID: "d9cf14b1-fa16-4ba6-9288-e8a174d4d522"
      Hint: __Updated
      Value: 20250206T063223Z
